
Microsoft Visual Studio Solution File, Format Version 12.00
# Visual Studio Version 17
VisualStudioVersion = 17.10.35122.118
MinimumVisualStudioVersion = 10.0.40219.1
Project("{9A19103F-16F7-4668-BE54-9A1E7A4F7556}") = "EnglishStorageApplication.Server", "EnglishStorageApplication.Server\EnglishStorageApplication.Server.csproj", "{37535A13-F29B-485B-A085-C65697C08800}"
EndProject
Project("{54A90642-561A-4BB1-A94E-469ADEE60C69}") = "App.client", "englishstorageapplication.client\App.client.esproj", "{ED12A8E5-2755-4815-8992-F49371511C4C}"
EndProject
Project("{9A19103F-16F7-4668-BE54-9A1E7A4F7556}") = "EnglishApp.Core", "EnglishApp.Core\EnglishApp.Core.csproj", "{F33B7C65-0702-4C80-888C-BC9DB2AB59AC}"
EndProject
Project("{9A19103F-16F7-4668-BE54-9A1E7A4F7556}") = "EnglishApp.DataAccess", "EnglishApp.DataAccess\EnglishApp.DataAccess.csproj", "{F597B6D9-51DE-4C3B-A02A-B22B68AA700F}"
EndProject
Project("{9A19103F-16F7-4668-BE54-9A1E7A4F7556}") = "EnglishApp.Application", "EnglishApp.Application\EnglishApp.Application.csproj", "{A5D0D1FF-4C21-4AAF-925B-4BD4DCEC4801}"
EndProject
Project("{E53339B2-1760-4266-BCC7-CA923CBCF16C}") = "docker-compose", "docker-compose.dcproj", "{78925A44-3F77-4EDE-871B-80641C906798}"
EndProject
Project("{FAE04EC0-301F-11D3-BF4B-00C04F79EFBC}") = "EnglishApp.Infrastructure", "..\EnglishApp.Infrastructure\EnglishApp.Infrastructure.csproj", "{9ECA95F7-FB26-4510-9E7D-B5272C1201F2}"
EndProject
Global
	GlobalSection(SolutionConfigurationPlatforms) = preSolution
		Debug|Any CPU = Debug|Any CPU
		Release|Any CPU = Release|Any CPU
	EndGlobalSection
	GlobalSection(ProjectConfigurationPlatforms) = postSolution
		{37535A13-F29B-485B-A085-C65697C08800}.Debug|Any CPU.ActiveCfg = Debug|Any CPU
		{37535A13-F29B-485B-A085-C65697C08800}.Debug|Any CPU.Build.0 = Debug|Any CPU
		{37535A13-F29B-485B-A085-C65697C08800}.Release|Any CPU.ActiveCfg = Release|Any CPU
		{37535A13-F29B-485B-A085-C65697C08800}.Release|Any CPU.Build.0 = Release|Any CPU
		{ED12A8E5-2755-4815-8992-F49371511C4C}.Debug|Any CPU.ActiveCfg = Debug|Any CPU
		{ED12A8E5-2755-4815-8992-F49371511C4C}.Debug|Any CPU.Build.0 = Debug|Any CPU
		{ED12A8E5-2755-4815-8992-F49371511C4C}.Debug|Any CPU.Deploy.0 = Debug|Any CPU
		{ED12A8E5-2755-4815-8992-F49371511C4C}.Release|Any CPU.ActiveCfg = Release|Any CPU
		{ED12A8E5-2755-4815-8992-F49371511C4C}.Release|Any CPU.Build.0 = Release|Any CPU
		{ED12A8E5-2755-4815-8992-F49371511C4C}.Release|Any CPU.Deploy.0 = Release|Any CPU
		{F33B7C65-0702-4C80-888C-BC9DB2AB59AC}.Debug|Any CPU.ActiveCfg = Debug|Any CPU
		{F33B7C65-0702-4C80-888C-BC9DB2AB59AC}.Debug|Any CPU.Build.0 = Debug|Any CPU
		{F33B7C65-0702-4C80-888C-BC9DB2AB59AC}.Release|Any CPU.ActiveCfg = Release|Any CPU
		{F33B7C65-0702-4C80-888C-BC9DB2AB59AC}.Release|Any CPU.Build.0 = Release|Any CPU
		{F597B6D9-51DE-4C3B-A02A-B22B68AA700F}.Debug|Any CPU.ActiveCfg = Debug|Any CPU
		{F597B6D9-51DE-4C3B-A02A-B22B68AA700F}.Debug|Any CPU.Build.0 = Debug|Any CPU
		{F597B6D9-51DE-4C3B-A02A-B22B68AA700F}.Release|Any CPU.ActiveCfg = Release|Any CPU
		{F597B6D9-51DE-4C3B-A02A-B22B68AA700F}.Release|Any CPU.Build.0 = Release|Any CPU
		{A5D0D1FF-4C21-4AAF-925B-4BD4DCEC4801}.Debug|Any CPU.ActiveCfg = Debug|Any CPU
		{A5D0D1FF-4C21-4AAF-925B-4BD4DCEC4801}.Debug|Any CPU.Build.0 = Debug|Any CPU
		{A5D0D1FF-4C21-4AAF-925B-4BD4DCEC4801}.Release|Any CPU.ActiveCfg = Release|Any CPU
		{A5D0D1FF-4C21-4AAF-925B-4BD4DCEC4801}.Release|Any CPU.Build.0 = Release|Any CPU
		{78925A44-3F77-4EDE-871B-80641C906798}.Debug|Any CPU.ActiveCfg = Debug|Any CPU
		{78925A44-3F77-4EDE-871B-80641C906798}.Debug|Any CPU.Build.0 = Debug|Any CPU
		{78925A44-3F77-4EDE-871B-80641C906798}.Release|Any CPU.ActiveCfg = Release|Any CPU
		{78925A44-3F77-4EDE-871B-80641C906798}.Release|Any CPU.Build.0 = Release|Any CPU
		{9ECA95F7-FB26-4510-9E7D-B5272C1201F2}.Debug|Any CPU.ActiveCfg = Debug|Any CPU
		{9ECA95F7-FB26-4510-9E7D-B5272C1201F2}.Debug|Any CPU.Build.0 = Debug|Any CPU
		{9ECA95F7-FB26-4510-9E7D-B5272C1201F2}.Release|Any CPU.ActiveCfg = Release|Any CPU
		{9ECA95F7-FB26-4510-9E7D-B5272C1201F2}.Release|Any CPU.Build.0 = Release|Any CPU
	EndGlobalSection
	GlobalSection(SolutionProperties) = preSolution
		HideSolutionNode = FALSE
	EndGlobalSection
	GlobalSection(ExtensibilityGlobals) = postSolution
		SolutionGuid = {9EEDF2FD-9190-4D09-A004-A2263927DC9A}
	EndGlobalSection
EndGlobal
